
Microsoft Visual Studio Solution File, Format Version 12.00
# Visual Studio 15
VisualStudioVersion = 15.0.27428.2043
MinimumVisualStudioVersion = 10.0.40219.1
Project("{888888A0-9F3D-457C-B088-3A5042F75D52}") = "CrappyGameLauncher", "CrappyGameLauncher.pyproj", "{6DEC7B1A-B405-4747-9037-C478E6016A2F}"
EndProject
Global
	GlobalSection(SolutionConfigurationPlatforms) = preSolution
		Debug|Any CPU = Debug|Any CPU
		Release|Any CPU = Release|Any CPU
	EndGlobalSection
	GlobalSection(ProjectConfigurationPlatforms) = postSolution
		{6DEC7B1A-B405-4747-9037-C478E6016A2F}.Debug|Any CPU.ActiveCfg = Debug|Any CPU
		{6DEC7B1A-B405-4747-9037-C478E6016A2F}.Release|Any CPU.ActiveCfg = Release|Any CPU
	EndGlobalSection
	GlobalSection(SolutionProperties) = preSolution
		HideSolutionNode = FALSE
	EndGlobalSection
	GlobalSection(ExtensibilityGlobals) = postSolution
		SolutionGuid = {46B07EED-01DA-4970-80BE-02948F1EDB52}
	EndGlobalSection
EndGlobal
